{
  "lockfileVersion": 1,
  "configVersion": 1,
  "workspaces": {
    "": {
      "name": "wildloop",
      "dependencies": {
        "@iconify-json/lucide": "^1.2.125",
        "@stacksjs/buddy": "^0.72.50",
        "@stacksjs/mobile": "^0.72.50",
        "@stacksjs/ts-cloud": "^0.11.5",
        "bun-query-builder": "^0.2.60",
        "stacks": "^0.72.50",
        "ts-health": "0.1.0",
        "ts-images": "0.2.12",
        "ts-web-scraper": "^0.1.10",
      },
      "devDependencies": {
        "@stacksjs/stx": "^0.2.217",
        "bun-plugin-stx": "^0.2.217",
        "ts-maps": "0.3.1",
      },
    },
  },
  "overrides": {
    "@stacksjs/browser": "0.70.281",
    "@stacksjs/stx": "^0.2.181",
    "@stacksjs/ts-cloud": "^0.7.126",
    "bunfig": "0.15.15",
  },
  "packages": {
    "@cwcss/crosswind": ["@cwcss/crosswind@0.2.16", "", { "dependencies": { "@stacksjs/clapp": "^0.2.0", "bunfig": "^0.15.17" }, "bin": { "crosswind": "./dist/cli.js" } }, "sha512-QgSTpcnt1seUQF2++taD5wk/H1lE3wSaybd+i9iP/syQTB2w/v2aM2U9SzYYe2ZcHA3Uxa1Sn/YvhcmHeFfuCA=="],

    "@iconify-json/f7": ["@iconify-json/f7@1.2.2", "", { "dependencies": { "@iconify/types": "*" } }, "sha512-7+RhvnncD+LRu0smuHOun4emOUu48XUGG6G0tYYbrXS7n4Io2xntx6nxa09/iI41t9hnH2oHHU3Dg7Ee60Ovow=="],

    "@iconify-json/hugeicons": ["@iconify-json/hugeicons@1.2.32", "", { "dependencies": { "@iconify/types": "*" } }, "sha512-J+iRbVCR9jZnX619pHzTuB5XSVJIPVE66i0a3TFcTjsjhoaULpjl/kgqDByQABhcNxhz0GnBIXHHke5XdDA36A=="],

    "@iconify-json/lucide": ["@iconify-json/lucide@1.2.125", "", { "dependencies": { "@iconify/types": "*" } }, "sha512-tOCk1QKMtKnCfPAgZRHgjRkQTP7wF5IO+iPKvvp8vxGZYPkSLhx4HTV3Ng0pIZ3wNWrS6kVpHkunJ1dc19L1og=="],

    "@iconify/types": ["@iconify/types@2.0.0", "", {}, "sha512-+wluvCrRhXrhyOmRDJ3q8mux9JkKy5SJ/v8ol2tu4FVjyYvtEzkc/3pK15ET6RKg4b4w4BmTk1+gsCUhf21Ykg=="],

    "@stacksjs/actions": ["@stacksjs/actions@0.72.50", "", { "dependencies": { "@stacksjs/bumpx": "^0.2.6", "@stacksjs/bunpress": "^0.2.8", "@stacksjs/config": "0.72.50", "@stacksjs/logsmith": "^0.2.3", "@stacksjs/registry": "0.72.50", "@stacksjs/stx": "^0.2.217", "@stacksjs/ts-cloud": "^0.11.4", "@stacksjs/ts-md": "^0.1.1" }, "peerDependencies": { "craft-native": "^0.0.67", "pickier": "^0.1.58" }, "optionalPeers": ["craft-native", "pickier"] }, "sha512-EiuMvIiRQhwAP488raG7lZ9Q5iOSZgytRvbAJuQWkwQYkvdzrDEFwKOJXb5IaIeKq60lvrNrC5r+cMBuWsVpsQ=="],

    "@stacksjs/ai": ["@stacksjs/ai@0.72.50", "", { "dependencies": { "@stacksjs/ts-cloud": "^0.11.4" }, "peerDependencies": { "@anthropic-ai/claude-agent-sdk": "^0.2.79" }, "optionalPeers": ["@anthropic-ai/claude-agent-sdk"] }, "sha512-VIc77HKeQbxAgQpznQP4EYGxmv19hwANQaHjG2EmQqb3alAf7ZyVpOcGB0TFPhNFj4JkW/CxDcY2ZFKbZIg7ow=="],

    "@stacksjs/alias": ["@stacksjs/alias@0.72.50", "", {}, "sha512-v/a6rlFa73sMZ0rxmwCtDC3yCaWrFst3qXk129apXxogqBlSbNXbjbULmLWamBJizfgZqt3oAaYIFcclhQtTtQ=="],

    "@stacksjs/analytics": ["@stacksjs/analytics@0.72.50", "", {}, "sha512-rw/DGQK0NZQx5+2H15Ep5HafLJ1yhMUG7+KUNtUS9Bxu9cweQ31UznrKDb+koUksgFlSaZd6UGub68nk4/0YIg=="],

    "@stacksjs/api": ["@stacksjs/api@0.72.50", "", {}, "sha512-2Vvh6AM8rJJl/qswFMmgPK8SsMiBs1cDs8s3JQivbAiLAMcLjavv9rmNRHMPhXYoQ0Or5eAD8TSWt/nkjrNjWQ=="],

    "@stacksjs/arrays": ["@stacksjs/arrays@0.72.50", "", {}, "sha512-wdF6OHDsyMry9lROXJcu24SfpHDZh4m5xHRAjw8+iEBNR7sR3IT4ND7Wyi0d8ALaT1rMn0nSbYV3HgQJFt1i6Q=="],

    "@stacksjs/audio": ["@stacksjs/audio@0.72.50", "", { "dependencies": { "@ts-audio/core": "^0.1.1", "ts-video-player": "^0.1.1" } }, "sha512-stB7wKg7qk/rLJtg6VMDDNz7xQ3BIiMeumOBSpZ/3QgeoY2XSPaOH+k5tIUrBjAUUN3n1+reCe7GmOqZnAGj4Q=="],

    "@stacksjs/auth": ["@stacksjs/auth@0.72.50", "", { "dependencies": { "@stacksjs/bun-router": "^0.1.0", "@stacksjs/ts-auth": "^0.4.4" } }, "sha512-9n6PvEhK9V+rxuvyw3kiWLOVanwjo/As7YGjkCuGsiQySb0qqKHqaU+Itxv8NRvRctnZn8i8u1Id1WQvCXsU5Q=="],

    "@stacksjs/browser": ["@stacksjs/browser@0.70.281", "", { "dependencies": { "@stacksjs/composables": "0.70.281", "@stacksjs/stx": "^0.2.148", "bun-query-builder": "^0.2.13" }, "peerDependencies": { "@stripe/stripe-js": "^9.10.0" }, "optionalPeers": ["@stripe/stripe-js"] }, "sha512-Zj4SfVb+r7LbdO5NsaXCPR2zKNFD8SNT2lMKt1kV1M7l3h2rphd3OPJDWwlVmBHU5ohLDNK8MWMaiupszRtA8g=="],

    "@stacksjs/browser-extension": ["@stacksjs/browser-extension@0.72.50", "", { "dependencies": { "ts-pantry": "^0.11.35" }, "peerDependencies": { "web-ext": ">=8" }, "optionalPeers": ["web-ext"] }, "sha512-LvqP8QiYm2MZiJ2MdWGMejc2GvHTJbCr4dq5k5gFI5jiOcsQvbQfyQpUUDSkXLv6kmjgroBXbchM/8CmiYVaPA=="],

    "@stacksjs/buddy": ["@stacksjs/buddy@0.72.50", "", { "dependencies": { "@stacksjs/actions": "^0.72.50", "@stacksjs/ai": "^0.72.50", "@stacksjs/alias": "^0.72.50", "@stacksjs/arrays": "^0.72.50", "@stacksjs/auth": "^0.72.50", "@stacksjs/build": "^0.72.50", "@stacksjs/cache": "^0.72.50", "@stacksjs/chat": "^0.72.50", "@stacksjs/clapp": "^0.2.12", "@stacksjs/cli": "^0.72.50", "@stacksjs/cloud": "^0.72.50", "@stacksjs/cms": "^0.72.50", "@stacksjs/collections": "^0.72.50", "@stacksjs/config": "^0.72.50", "@stacksjs/database": "^0.72.50", "@stacksjs/desktop-build": "^0.72.50", "@stacksjs/dns": "^0.72.50", "@stacksjs/dnsx": "^0.2.3", "@stacksjs/email": "^0.72.50", "@stacksjs/enums": "^0.72.50", "@stacksjs/error-handling": "^0.72.50", "@stacksjs/events": "^0.72.50", "@stacksjs/git": "^0.72.50", "@stacksjs/gitit": "^0.2.5", "@stacksjs/health": "^0.72.50", "@stacksjs/httx": "^0.1.10", "@stacksjs/image": "^0.72.50", "@stacksjs/lint": "^0.72.50", "@stacksjs/logging": "^0.72.50", "@stacksjs/notifications": "^0.72.50", "@stacksjs/objects": "^0.72.50", "@stacksjs/orm": "^0.72.50", "@stacksjs/path": "^0.72.50", "@stacksjs/payments": "^0.72.50", "@stacksjs/realtime": "^0.72.50", "@stacksjs/router": "^0.72.50", "@stacksjs/rpx": "^0.11.42", "@stacksjs/search-engine": "^0.72.50", "@stacksjs/security": "^0.72.50", "@stacksjs/server": "^0.72.50", "@stacksjs/sites": "^0.72.50", "@stacksjs/skills": "^0.72.50", "@stacksjs/storage": "^0.72.50", "@stacksjs/strings": "^0.72.50", "@stacksjs/testing": "^0.72.50", "@stacksjs/ts-cloud": "^0.11.4", "@stacksjs/tunnel": "^0.72.50", "@stacksjs/types": "^0.72.50", "@stacksjs/ui": "^0.72.50", "@stacksjs/utils": "^0.72.50", "@stacksjs/validation": "^0.72.50", "ajv": "^8.20.0", "ajv-formats": "^3.0.1", "ts-pantry": "^0.11.35" }, "bin": { "stacks": "dist/cli.js", "buddy": "dist/cli.js", "bud": "dist/cli.js" } }, "sha512-Muolpw2vqg3IXA2uNaP85iEknDPoR95sZoqhwIcp62uc8TBbJTPdgaioSNtu045Pieu8Pq3AJbv7BxMifQjm9w=="],

    "@stacksjs/build": ["@stacksjs/build@0.72.50", "", { "dependencies": { "bun-plugin-dtsx": "^0.11.10" } }, "sha512-/geKWTnd1Y6/ardcTqtAWO8hNMyTXUvJts8hk5flFceORwWc1CbWkSu+k78naDXy7ma45IR3inJG5oNeHfRBOQ=="],

    "@stacksjs/bumpx": ["@stacksjs/bumpx@0.2.16", "", { "dependencies": { "@stacksjs/clapp": "^0.2.0", "@stacksjs/logsmith": "^0.2.6", "bunfig": "^0.15.6" }, "bin": { "bumpx": "./dist/bin/cli.js" } }, "sha512-ryUTi3q/p21bkQ46qJf55fq21j+5Kmu+2xgEnywOXGlCwtJbYeHb6LqRliFgkV/D7JkgDlCyw8yqMzks8PdwmQ=="],

    "@stacksjs/bun-queue": ["@stacksjs/bun-queue@0.1.8", "", {}, "sha512-4nrKGXksRW/57VJqpLQmnX5SI9yE4OsRKp60jE8MoZI4vzH45MJQrBzFgAiGITzmjnbmxHN1c5a9kG+kbp94rw=="],

    "@stacksjs/bun-router": ["@stacksjs/bun-router@0.1.0", "", { "dependencies": { "@stacksjs/clapp": "^0.2.0", "ts-rate-limiter": "^0.4.2" }, "bin": { "bun-router": "./dist/cli.js", "router": "./bin/cli.ts" } }, "sha512-LV7RbL9x8/EGTIuFMKoFf9TpSLIwcE13f8BdYHLaltx1emHDm9TSzEIItzLJnOWypFo7vyAtC1CogmSFmMcUpg=="],

    "@stacksjs/bunpress": ["@stacksjs/bunpress@0.2.13", "", { "dependencies": { "@cwcss/crosswind": "^0.2.16", "@stacksjs/clapp": "^0.2.0", "@stacksjs/stx": "^0.2.171", "@stacksjs/ts-i18n": "^0.1.11", "bunfig": "^0.15.17", "ts-syntax-highlighter": "^0.2.14" }, "peerDependencies": { "@stacksjs/ts-cloud": "^0.7.51" }, "optionalPeers": ["@stacksjs/ts-cloud"], "bin": { "bunpress": "./dist/bin/cli.js" } }, "sha512-UHrDQ1Vbe/MoGztM9Cx/FRSFy9+OknKVVisucq2C9gpB5htX8PtuOK0isfpxwbglo/soLkMWqV+M3FPapKpppQ=="],

    "@stacksjs/cache": ["@stacksjs/cache@0.72.50", "", { "dependencies": { "@stacksjs/ts-cache": "^0.1.5" } }, "sha512-7sRAKWqKWWYODySK5toRE8Q7C8vVY8OrTUPBO0s9KYwRlGIudi1qqZX0sOjcVfyhtNw6MfAZlga6OpQsP6YJBg=="],

    "@stacksjs/calendar-api": ["@stacksjs/calendar-api@0.72.50", "", { "dependencies": { "@stacksjs/stx": "^0.2.217" } }, "sha512-av8JUJA+ZeeOfBJYdx/t82vsfnlf9OQlvOH9gJYoyGsNpI2HuVtOLZiUz0sAU7jKNjN87rRS8XG+FIJ4FKvWnA=="],

    "@stacksjs/charts": ["@stacksjs/charts@0.72.50", "", { "dependencies": { "@ts-charts/format": "^0.2.6", "@ts-charts/scale": "^0.2.6", "@ts-charts/shape": "^0.2.6" } }, "sha512-a1KmoA8/Ozp6Ld2HC2bqgSZR1oLdxTjzZHidVkQ1nD2+XEILoiwlmkCuEm4ZhE7+CgMYh+vMfQ8glD2Spaudsw=="],

    "@stacksjs/chat": ["@stacksjs/chat@0.72.50", "", {}, "sha512-p/sfoyphzZFKBwPqnBEnwrWDXAQN2eQ4S2t7dH1ZhjUyhOdP+Fgjyi/MmbKRXhmBORXVfBjoNcAHa4d7KhLe7g=="],

    "@stacksjs/clapp": ["@stacksjs/clapp@0.2.12", "", {}, "sha512-EzCjl9cfKNMe7UPONHSSAffyfFVrbLzcEVx2i6HYLnJkcka5HFf1vPvOMkErCC10WDX+2Z1BOMTdsTXP1MqIbQ=="],

    "@stacksjs/clarity": ["@stacksjs/clarity@0.3.31", "", { "dependencies": { "bunfig": "^0.15.6" }, "bin": { "clarity": "./dist/bin/cli.js" } }, "sha512-lMw327fKgABG7+cPwtJoiEFlrC9foxrMYKRWIagqEtNHKzgxBR17hOAXH27D4hgLDLvkQFUCNDY4kcWXCt62fQ=="],

    "@stacksjs/cli": ["@stacksjs/cli@0.72.50", "", { "dependencies": { "@stacksjs/clapp": "^0.2.12" } }, "sha512-e3zdQm4N53IQ4+FnC6O7gtVZyKOdlumtJTWScvrqqJ4US4j4METOBoziPGC5tbAA3u0AYTO1iAU3/nU/6XTPIg=="],

    "@stacksjs/cloud": ["@stacksjs/cloud@0.72.50", "", { "dependencies": { "@stacksjs/ts-cloud": "^0.11.4", "@stacksjs/ts-xml": "^0.1.0" } }, "sha512-ss8S/uDIJzMCBVME00E/Keir6DMTRT/FZ+7ZgkVBxA/0eWjg8CLUYWAgiqKm/CEPUN/BFpfaEw5M6C++Ejrr0g=="],

    "@stacksjs/cms": ["@stacksjs/cms@0.72.50", "", { "dependencies": { "@stacksjs/sites": "0.72.50", "@stacksjs/validation": "0.72.50", "ts-slug": "^0.1.0", "ts-spreadsheets": "^0.2.0" } }, "sha512-4VeB0JhXyZt7kWk4W/No40Zg86l/H9ZgP8mc/NOzp5fGMcgj025k0YLh9w8Vj6xXdbZSsfifNwhI9YxeFq7kvA=="],

    "@stacksjs/collections": ["@stacksjs/collections@0.72.50", "", { "dependencies": { "ts-collect": "^0.4.3" } }, "sha512-KQNAmpDUvGZZw+UR5hJSN8TB6UsRjMp0pSNEcv/HYSMFcSXyhO/FZ4lXY5yfYDQ42VJZdVofLn9oquiZAsCMYQ=="],

    "@stacksjs/commerce": ["@stacksjs/commerce@0.72.50", "", { "dependencies": { "ts-spreadsheets": "^0.2.0" } }, "sha512-a9756TEVKIlLpcAqjiz0s/8/BBHFiQZ2F7tb0ZD4nsu9oNp+7ZMOC8AOL0INQKr2PIPDR/RXQ3NuiPttRV4MaA=="],

    "@stacksjs/components": ["@stacksjs/components@0.2.217", "", { "dependencies": { "@cwcss/crosswind": "^0.2.14", "@iconify-json/f7": "^1.2.2", "@stacksjs/stx": "0.2.217", "bun-plugin-stx": "0.2.217", "ts-syntax-highlighter": "^0.2.1" } }, "sha512-dTbC37eyEJjo+ILKnwvXS/eJR3wJWooVa1zbSkjIzS+KufVYNQ1X4DSJdgqL3q0OtmBGbO92x/XkDiNUEEVplg=="],

    "@stacksjs/composables": ["@stacksjs/composables@0.72.50", "", { "dependencies": { "@stacksjs/datetime": "0.72.50", "@stacksjs/stx": "^0.2.217" } }, "sha512-BJzgFmUA7Ni2fzwUoOmQaefajLtU+45V3T5T3sRMnDi8P2mepoHdoGB/ffjD0Aj8ujjBt3xgpom39JvpUfiFtw=="],

    "@stacksjs/config": ["@stacksjs/config@0.72.50", "", { "dependencies": { "ts-pantry": "^0.11.35" } }, "sha512-b7k/T0aw8bVA9kq+CocinyyXUj9IrjbRaXruvmodVUQFRWQyv3+Jq7E7tzw+VTMEiOqSP/rqbLo042qkFVzaxg=="],

    "@stacksjs/cron": ["@stacksjs/cron@0.72.50", "", {}, "sha512-ZcYhtPJA6DWsz09jMbFlALecdOZpPgNGGUNs+1qiwV/puE0elLvmQLUHzdbtb8V74WDvtSe8ltyg+ohTU2BDYg=="],

    "@stacksjs/database": ["@stacksjs/database@0.72.50", "", { "dependencies": { "@stacksjs/ts-validation": "^0.5.5", "bun-query-builder": "^0.2.53", "dynamodb-tooling": "^0.3.2" } }, "sha512-t9mJXW1AkiG7zxyb5cFwErP+ELg1zbzfE+gYfHMImeD9RR+uNq/qDk6n7A4A+hFHMIbvIYKOG5uJ+unRXPXcJg=="],

    "@stacksjs/datetime": ["@stacksjs/datetime@0.72.50", "", {}, "sha512-xvxNZ4c2sWqHruxootUNj8eU9n4jx5So9ftcEtANkReLmnCPxgk/gKxhfDNcsljr1TjJyLsOiQiVhW+/E+l1JQ=="],

    "@stacksjs/defaults": ["@stacksjs/defaults@0.72.50", "", { "dependencies": { "@iconify-json/f7": "^1.2.2", "@iconify-json/hugeicons": "^1.2.27", "@stacksjs/mobile": "^0.72.50", "@stacksjs/sanitizer": "^0.2.113" } }, "sha512-93GHZ1BbZJ3nSkfTvgGQFs/Po4HGBej8Oe9tx+0zAAPD2kDl4WYSrWl6SzqGMo1K8dg/miRg60CGpk3rowqRtQ=="],

    "@stacksjs/desktop": ["@stacksjs/desktop@0.2.181", "", { "dependencies": { "craft-native": ">=0.0.55" } }, "sha512-Kz85jYV8rMtkWHjrJWKkIC9Z8sbeduFbRioum9mB1Q/r9oFL8ulOg/J/OlMFXUkh+fe3mt+rNfvmH7dmv8nMhg=="],

    "@stacksjs/desktop-build": ["@stacksjs/desktop-build@0.72.50", "", { "dependencies": { "craft-native": "^0.0.55" } }, "sha512-xieg1sUNSEyvsn0+svkRSVwWX06yw5x2iPLUiccTh3FKyLFNrbo+l0d7O+tD4Y3N/icRKmbkwuBobP2wgAyHVg=="],

    "@stacksjs/dns": ["@stacksjs/dns@0.72.50", "", { "dependencies": { "@stacksjs/dnsx": "^0.2.3", "@stacksjs/ts-cloud": "^0.11.4" } }, "sha512-BvriOmizDjN5+ERU4YWIJt3dM4/dMzoW5uQN8FYXxQ0wQI+qk0ze8gEHn4Z804pKgwUdi0WYCiApd+ApUaHXMw=="],

    "@stacksjs/dnsx": ["@stacksjs/dnsx@0.2.3", "", { "bin": { "dnsx": "./dist/bin/cli.js" } }, "sha512-KoubPLapgNSEOoTJNEL3BV1WIhSHz70Kzyf2i2EM9ZViaNOeHrUOIwG8qRX9D+L/5Njh45LmAG+vwkaJalD1ng=="],

    "@stacksjs/docs": ["@stacksjs/docs@0.72.50", "", { "dependencies": { "@stacksjs/bunpress": "^0.2.8" } }, "sha512-huzOnHSvKJuwt90Q4A1bEa3gfiFnbqAo+j/9Iazz5uiI/BBPBLFZ2hyi6BkkbofP5nh+OO6286dyx89TOS5ymQ=="],

    "@stacksjs/dtsx": ["@stacksjs/dtsx@0.11.10", "", { "dependencies": { "@stacksjs/clapp": "^0.2.0" }, "bin": { "dtsx": "./dist/bin/cli.js" } }, "sha512-NOSSGv7mdxzmijmKHxTZDmgZp7vCYrRKWpDwNqwTc97MTv5csjo3uukf7A/c+s7pSzJd+HxqsTCZ7IznjfEtmw=="],

    "@stacksjs/email": ["@stacksjs/email@0.72.50", "", { "dependencies": { "@stacksjs/ts-cloud": "^0.11.4", "postal-mime": "^2.7.6" } }, "sha512-ZhF7+P69/mECeKWRRmlTqqGBKBYDlhM5p+rlyKfla7BVeOjH6GUm6vvBP/IEsTPNzIDxft2pe6YMI6gBY9D4uQ=="],

    "@stacksjs/enums": ["@stacksjs/enums@0.72.50", "", {}, "sha512-x2jUudoy894fDY8YMRS9MQnb86x0rk092SYCoTkMwDSLdY2DngcoLm8WR+um1in7hdFim9yJ+M0ytzIyYfLNSg=="],

    "@stacksjs/env": ["@stacksjs/env@0.72.50", "", { "dependencies": { "@stacksjs/path": "0.72.50" } }, "sha512-iR24M/SmAOQ4zz5O+aUHA1TFsZwZXt57cyzG9un5sCtRjsQMLAblZBkfsJPLIyBcAlbea7aWXgoh42TDeBebmg=="],

    "@stacksjs/error-handling": ["@stacksjs/error-handling@0.72.50", "", { "dependencies": { "@stacksjs/stx": "^0.2.217", "ts-error-handling": "^0.1.1", "ts-syntax-highlighter": "^0.2.1" } }, "sha512-Oz9XN8i2J0twtc5tRhH3N+bK6nnzERVFQml8sV+gZHeY6KQVgqtHZ7z8GZTXhmODbnGFRSrnfORH4BMi6f3Bew=="],

    "@stacksjs/events": ["@stacksjs/events@0.72.50", "", {}, "sha512-As7w9Q//yOVvGaOis8OxIRze+TQ0uIaei3ma3Mh/++YlMesil6rk04yqKjlBp75FB4htVvkmEaNUCYrmXT3IhQ=="],

    "@stacksjs/faker": ["@stacksjs/faker@0.72.50", "", {}, "sha512-tC9refO6E2mA3VvuEG3nmwr9twKup8uO70LHw/UsLnw7KIUKBzzSvDycrV8oo44Kxi+RY8d3NMoG4c+JxjRI6w=="],

    "@stacksjs/feature-flags": ["@stacksjs/feature-flags@0.72.50", "", {}, "sha512-yHVk7FUC0wPRm7B36Jq8h4evmcJZ+nTUauaHrDREKzqrsIUwQolPPvnFQcto7q1EKJJV6Da/Y4syB4w4plVVvA=="],

    "@stacksjs/git": ["@stacksjs/git@0.72.50", "", { "dependencies": { "cz-git": "^1.13.1" } }, "sha512-j5mxPPJNTuN7q6EPWxEwsOPZFeXgJtQOFsUxudf+os8jOmXiteuwiRyY2ufm2RF2PpLMKaCiJfuSLXOIzBRC+Q=="],

    "@stacksjs/github": ["@stacksjs/github@0.72.50", "", {}, "sha512-6jTSUj3Eo+2ekHQE29hazzlioA/rfP+DalilQqgs7s4UnIwmNxngZ5Wdo5x3BBhTkCku19Cc/4xEmwGVqg6KlA=="],

    "@stacksjs/gitit": ["@stacksjs/gitit@0.2.5", "", { "bin": { "gitit": "dist/bin/cli.js" } }, "sha512-HI9L1EsWTXG4JxqMlEjujDWovH5UnYqP6Uv9Pll74+vLGEH2OK6FRfarNQgRHBkMyzBx2fjutAHOXrPSCTN8eQ=="],

    "@stacksjs/health": ["@stacksjs/health@0.72.50", "", {}, "sha512-oBmO7/A0a3FPfPMa/JESAvsOHTw/plwA/5Ro1bJhW/S3IEmb6h+gb8UNtxU1CHMytyM3u+mDg6oNaaWrg7V4OQ=="],

    "@stacksjs/http": ["@stacksjs/http@0.72.50", "", { "dependencies": { "@stacksjs/httx": "^0.1.10" } }, "sha512-1Oj5RpEX7/1v6j847wSkY+NvvUhs29xn1VWHLIr8UzeXHTnNpxiboXyqoQTKKlfFPtG4U9CtQhNH4yNUjQqlfg=="],

    "@stacksjs/httx": ["@stacksjs/httx@0.1.11", "", { "dependencies": { "ts-error-handling": "^0.1.0" }, "bin": { "httx": "./dist/bin/cli.js", "http": "./dist/bin/cli.js", "https": "./dist/bin/cli.js" } }, "sha512-7Ml5D1NpTl4qadeNNFh0CFXjNnv4rb1+9d2MC159FElVo3SbAGWGpobSnwrjg/SZK10rc9mpeOU3l2LPqvJ9uQ=="],

    "@stacksjs/i18n": ["@stacksjs/i18n@0.72.50", "", { "dependencies": { "@stacksjs/ts-i18n": "^0.1.9" } }, "sha512-IuVqg0988UcMaNtSHYUpjy0y1oVH5Edjciu/YqRlOmqmNeqVMPjR7m7uY7McQwu7XoEXV+ClQ5aytzJbCYOrsg=="],

    "@stacksjs/image": ["@stacksjs/image@0.72.50", "", { "dependencies": { "@stacksjs/types": "0.72.50", "ts-images": "^0.2.11" } }, "sha512-p2EU8MVR8MqotUN59gzt57Pw+UZsPCVhzACgUKOmIWPagbHez/j69RUx3fj57ihvKW4MwrtQ+MnJmq/HPDDjAg=="],

    "@stacksjs/lint": ["@stacksjs/lint@0.72.50", "", { "dependencies": { "pickier": "^0.1.58" } }, "sha512-Y510zAcyfg6z1ZKwrfTTWaHfDDmFDPKrDeZ43+i1jTp1WzN9/SHZIhs+1eqotYzvi2WPGaoL6v8diGezBiUG1A=="],

    "@stacksjs/logging": ["@stacksjs/logging@0.72.50", "", { "dependencies": { "@stacksjs/clarity": "^0.3.33" } }, "sha512-Us/iJQEMDggSI4MjSCJ57q5uVQIZbOtE7HHt8cSISogmbSwTTm+BZFdj4eji6ejTdBBGV0MHL9mxCUm+Y7yXSw=="],

    "@stacksjs/logsmith": ["@stacksjs/logsmith@0.2.11", "", { "dependencies": { "@stacksjs/clapp": "^0.2.0", "bunfig": "^0.15.6", "pickier": "^0.1.9" }, "bin": { "@stacksjs/logsmith": "./dist/bin/cli.js", "logsmith": "./dist/bin/cli.js" } }, "sha512-wqqAxewpsHVDzpC+IRy+yYyGXGlv1j5GCqYTh8fL7d3LLhnRPN72PEQywM357burtORvdkFHfOzk3Ih1SMvuiw=="],

    "@stacksjs/mobile": ["@stacksjs/mobile@0.72.50", "", { "peerDependencies": { "craft-native": "^0.0.67" }, "optionalPeers": ["craft-native"] }, "sha512-e61dnY8dxWtkHik08xenQu6f6hEmrhClYskZ0ol/oBcpNMXiTgZWgaOi4hwXc/IvQlB/wA36h8M/P3huIFkO2g=="],

    "@stacksjs/newsletter": ["@stacksjs/newsletter@0.72.50", "", { "dependencies": { "@stacksjs/database": "0.72.50", "@stacksjs/orm": "0.72.50", "@stacksjs/queue": "0.72.50" } }, "sha512-L5FVu3CdI0g6mVKN8evLhf0r3gp2u+FcmfvcLQKTs6WGMp2flL4IhK/RD/7mJU4pXjvrJlQ8FxM47jyK2qhb1A=="],

    "@stacksjs/notifications": ["@stacksjs/notifications@0.72.50", "", {}, "sha512-HE6Jur3e9Wiq52mB0nP4eR545bDUWC3umsjLE8Lr+Jr/Vt7L8TP0a6ppT69UWRMDPcoUAPd3qRn4WNSyvkOEkQ=="],

    "@stacksjs/objects": ["@stacksjs/objects@0.72.50", "", {}, "sha512-A8Hjp52EMq8Z6gDbs++UzGpz7hqWORFexeawyxTPWdZe6twlCOrAOn8dz7UTWG/gdJcMg0oizeTBfZbrQKVr/Q=="],

    "@stacksjs/orm": ["@stacksjs/orm@0.72.50", "", { "dependencies": { "@stacksjs/ts-validation": "^0.5.5", "bun-query-builder": "^0.2.53" } }, "sha512-XHCVvtNcnJ6HqHvtu3lApKhIvB6LKQlHaDWqhdkWFbUsb4P4ARGGMS7pU/FjlHLhfswEfKGfbdKAMfVqOe7T7g=="],

    "@stacksjs/path": ["@stacksjs/path@0.72.50", "", {}, "sha512-XV/k2/YvNlyjgiZjjaOmGPEAJbw80M1vr0wz0Bv3XzKgNGXCJ4nQPtOPBaKEBMrqTvMtwflv0umVlmXXO/POjw=="],

    "@stacksjs/payments": ["@stacksjs/payments@0.72.50", "", { "peerDependencies": { "@stripe/stripe-js": "^9.10.0", "stripe": "22.3.2" }, "optionalPeers": ["@stripe/stripe-js", "stripe"] }, "sha512-bHiR6w/oaIxqTtUSai+eCUKUTiQxWrfZjjHZYBKhXely2bWQMfPfz9LizByennudUOZdUf5GCHciUtH+zyfobg=="],

    "@stacksjs/push": ["@stacksjs/push@0.72.50", "", {}, "sha512-Eoqnp3271/Np0pF728lWItRTSnLmwfEDarOpaZ2tAdHAw2wGS9oRFaM5vEZrVeCPdrKwixPD0pM/qU4DLYh00g=="],

    "@stacksjs/query-builder": ["@stacksjs/query-builder@0.72.50", "", { "dependencies": { "bun-query-builder": "^0.2.53" } }, "sha512-v3nDvpSrm7ueaev/BmXBLxxx3I6MOR08V8Q/PngrKIXPUklmfcVj7wKn8Hb9esURcLy9HKRri32cShIBqu/DJA=="],

    "@stacksjs/queue": ["@stacksjs/queue@0.72.50", "", { "dependencies": { "@stacksjs/bun-queue": "^0.1.8" } }, "sha512-aC3V8MbnVZRv5l5RTId4Xy9oIzUdCfBBTksFZADvm59oKuoRDkHnEqf/ISWWQosv+GuTbuh92YNTRQgaYo/8ag=="],

    "@stacksjs/realtime": ["@stacksjs/realtime@0.72.50", "", { "dependencies": { "ts-broadcasting": "^0.0.9" } }, "sha512-vnC6ptjbJXhGfYG5o54jW0Q2nnTjW+zqO6U5P6qPMlY8CMXflkq1XQzjIsvFPi/O+0iOvttiTIQtgGmZcsKCiQ=="],

    "@stacksjs/registry": ["@stacksjs/registry@0.72.50", "", { "dependencies": { "@stacksjs/types": "0.72.50" } }, "sha512-NTt2ym8fZpGrifvj0d2uGjrADme/OfjKukeXdp9uZP29qUyhksmJaUAdya5fJdu5Itbe7M8nmmg98uLApOPLUw=="],

    "@stacksjs/repl": ["@stacksjs/repl@0.72.50", "", {}, "sha512-89RkJ1rxehwwPlLrUwVw5cr+Aqqdcdc+uJnjW3YA+A5CZufUhKr+VVGKotCRL8JM+wZCtOJ1yc5DGeXNPUd1XQ=="],

    "@stacksjs/router": ["@stacksjs/router@0.72.50", "", { "dependencies": { "@stacksjs/bun-router": "^0.1.0", "@stacksjs/collections": "0.72.50", "ts-rate-limiter": "^0.4.2" } }, "sha512-ndwL0xjUfi92dXBeYXtNUCZdrXl9viF6x20VM2AVjhu0fFxIgbxfG2b+t07pCFkqE095ayS3ozb37zGTBUsQow=="],

    "@stacksjs/rpx": ["@stacksjs/rpx@0.11.44", "", { "dependencies": { "@stacksjs/clapp": "^0.2.10", "@stacksjs/tlsx": "^0.13.13" }, "bin": { "rpx": "./dist/bin/cli.js", "reverse-proxy": "./dist/bin/cli.js" } }, "sha512-zYyeL2NIjxJIvDNaQG1zuR3OmqI4JrOVU/Uu5/w7Uxf1GUhDS7aXy5p77ARlbltKgik+sBZTL9JpZH871NNq+w=="],

    "@stacksjs/sanitizer": ["@stacksjs/sanitizer@0.2.181", "", {}, "sha512-mz4JFfaUKa1kAtRFnwjqkSqaEolMJkrD7KPdcPGLUjezDR5tA+zesIYf3sLz8WTJDcsYA9W9H8nO8SfZE6BTdQ=="],

    "@stacksjs/scheduler": ["@stacksjs/scheduler@0.72.50", "", {}, "sha512-v1ky3AB2t9QcF6uFcqJpVbjE8EfW4ry4H38csE3AvzmXpCM/i1RLBdTZnubaBEQqa+NE0qRTK6591M40Z4Pjrw=="],

    "@stacksjs/search-engine": ["@stacksjs/search-engine@0.72.50", "", { "peerDependencies": { "meilisearch": "^0.59.0" }, "optionalPeers": ["meilisearch"] }, "sha512-HQ0xa1gLZT5YEJRB0rZ+jibiJYGtTDuaqE07J/8GqHkZwFaYZI0ZHwqiqrkmbaAFsw6F2NXg9u4Tm2CbRMd/ow=="],

    "@stacksjs/security": ["@stacksjs/security@0.72.50", "", { "dependencies": { "ts-security-crypto": "0.0.2" } }, "sha512-v6mhrRAwOTj3m7zgJHmVptJ7dVJypN4wO29/GpL3hVpHlmArauUh8KI2u0fiXkwswIeIwb48Kx9PiKqAuxaIww=="],

    "@stacksjs/server": ["@stacksjs/server@0.72.50", "", { "dependencies": { "bun-plugin-auto-imports": "^0.4.0" } }, "sha512-jCvjsMPOK0cFiP3XwLcmZjoGwKjybd/XmHW19nXLYjEsgzGYNEdem0JQsqSFkfRHeX6f/8g+zY53dtnPhQWzxQ=="],

    "@stacksjs/shell": ["@stacksjs/shell@0.72.50", "", {}, "sha512-WqtF23zbRija3EwYpA4cwvciEc0EIz208hCwJjMeFh0Fxz80pml7hP2foMMBMfPQtVDO0N9+c4O2pRnyJS/G3A=="],

    "@stacksjs/sites": ["@stacksjs/sites@0.72.50", "", {}, "sha512-Cih9/u3jHX5tjeXUlpFM6NukzXSIq6+4FbabtwaGX9Mi225TxfwLKSATRW38rzqrahSm8cSoizcZhwwzVOgh1g=="],

    "@stacksjs/skills": ["@stacksjs/skills@0.72.50", "", { "dependencies": { "@stacksjs/path": "0.72.50", "@stacksjs/storage": "0.72.50" } }, "sha512-Z4jfzeLwL1Ujz7cRr1wsVVbNBF3gzHO9d3/36rDe6YHvcU0vrYBQKL4glAQYfKcQvBXj3E+OREckDNYNxtPc6Q=="],

    "@stacksjs/slug": ["@stacksjs/slug@0.72.50", "", { "dependencies": { "ts-slug": "^0.1.0" } }, "sha512-iPPrbOqqfTEcpNeyuwl3HviGrNwcJZ3IIJ5/bxquveSGwhgkPTdP2WnkJiqIKGtQG8evoyc8XDvoClHaUF7IdA=="],

    "@stacksjs/sms": ["@stacksjs/sms@0.72.50", "", {}, "sha512-FCoBuhOHocAzgAYJ1g1vt08zhT6VVOb/3EqNe4L+WlCEMUTiTkG4eTBxbwnrxP39CSdVwXKlhA2BQqbEFTLp0g=="],

    "@stacksjs/socials": ["@stacksjs/socials@0.72.50", "", { "dependencies": { "@stacksjs/composables": "0.72.50" } }, "sha512-XMfHN3NBcJ3SwdIqgb8t4TYnR/MC7Fyqm1SqhZlioIG9WoiVc4tto166Gi7xKrjggoRx5Y2jycVKOxzUqINX6g=="],

    "@stacksjs/storage": ["@stacksjs/storage@0.72.50", "", { "dependencies": { "@stacksjs/ts-cloud": "^0.11.4", "ts-images": "^0.2.11" } }, "sha512-QojmaFckmbrNEnBldYMagmkCwVKywvcA8ycv/hrBmdygRgzsDxoQlgPB1CxfsWrYyZpoaIE7Sa1uihJvpGo2Uw=="],

    "@stacksjs/strings": ["@stacksjs/strings@0.72.50", "", {}, "sha512-TufgMBozWyo7QeitjilZxpaKv9oHAijd94PZb8S8iZM77QG76u+eeor2662CqR8AuOsqa8d4CUz5eMXC/jBuPg=="],

    "@stacksjs/stx": ["@stacksjs/stx@0.2.181", "", { "dependencies": { "@cwcss/crosswind": "^0.2.14", "@stacksjs/clapp": "^0.2.0", "@stacksjs/desktop": "0.2.181", "@stacksjs/sanitizer": "0.2.181", "@stacksjs/ts-i18n": "^0.1.11", "bun-plugin-stx": "0.2.181", "bunfig": "^0.15.17", "stx-router": "0.2.181", "ts-broadcasting": "^0.0.9", "ts-images": "^0.1.9", "ts-syntax-highlighter": "^0.2.1" }, "bin": { "stx": "./dist/cli.js" } }, "sha512-gMBlL9fh0UQU2gJ14WuGpetY5wcu7IqHYhEXRGFYRnT/ZHqlMDfDL7pV7How28ZgRmrpy/VnwaTTMMrWCtvBTA=="],

    "@stacksjs/testing": ["@stacksjs/testing@0.72.50", "", { "dependencies": { "@stacksjs/auth": "0.72.50", "@stacksjs/ts-cloud": "^0.11.4" } }, "sha512-f/K35HOMzGmRW8bP3xhlvo7SfouF/5oivsTpu1UNs+keuPGmeSZGkyQP3iGbVf6GxLM/l/Up6NTxjK+Cfa4qsQ=="],

    "@stacksjs/tinker": ["@stacksjs/tinker@0.72.50", "", {}, "sha512-hY5rjyPJWe+k8jhY5L5O3IeKCdS/AT1QWu6AkFZG1/v7m2awTDne+hmeBLrvCped2XCtkNgVhDabyRJ291qSFQ=="],

    "@stacksjs/tlsx": ["@stacksjs/tlsx@0.13.17", "", { "dependencies": { "@stacksjs/clapp": "^0.2.0" }, "bin": { "tlsx": "./dist/bin/cli.js" } }, "sha512-Ibe03JZYAlkYwr1TSmtkmZa/wnbywpUiIsxG9DuaYsPIZJ9wKhLChoTonkZiigNCryMvp79U9t6jNb+c53kGkA=="],

    "@stacksjs/ts-auth": ["@stacksjs/ts-auth@0.4.5", "", { "dependencies": { "bunfig": "^0.15.13", "ts-rate-limiter": "^0.4.1" } }, "sha512-oLEGiscFXNcjuRYi7TJztk8AR9QpVmC8Y/wF1pcnXPZA5jBYMSZKjT3/+COh47OTjk9/mdlVDE5FVIkCNg9b2Q=="],

    "@stacksjs/ts-avif": ["@stacksjs/ts-avif@0.1.3", "", {}, "sha512-4yysfhz3qjC3DbM1VoG0uW4DjrROjY2eXFUElcMUEe1dH8tGoeLF3BVLi2qdKchtRNX2kojnrbS1vLv4njKIXQ=="],

    "@stacksjs/ts-bmp": ["@stacksjs/ts-bmp@0.1.1", "", {}, "sha512-TIgm4rbCoYOijlg2gQuAyJErXeeoVzra4snxNvZ2fe6QBGIA0gm5147oo3t/cIeTMUzbmnyJ1g0QbT4kP4Ck9Q=="],

    "@stacksjs/ts-cache": ["@stacksjs/ts-cache@0.1.5", "", { "dependencies": { "@stacksjs/clapp": "^0.2.5", "bunfig": "^0.15.11", "clone": "^2.1.2" }, "bin": { "cache": "./dist/bin/cli.js" } }, "sha512-bsVFd2IM26rl8obhIqTaLE97lz0mAynb+AAMPhMIld53ZKC20GFiRdPny0xsZeypkZDzZVAoafcnyn7HEzk41g=="],

    "@stacksjs/ts-cloud": ["@stacksjs/ts-cloud@0.7.126", "", { "dependencies": { "@stacksjs/ts-xml": "^0.1.0", "@ts-cloud/aws-types": "0.7.126", "@ts-cloud/core": "0.7.126" }, "bin": { "cloud": "./dist/bin/cli.js" } }, "sha512-s9l9RvyUuej4b9N9nhaQEWzrWV+IOfjOTHh0thX0CAD3Cbsd/fBI4/HPOYl7M5BZwIyF9wnMnJN3OlGSqT3yWg=="],

    "@stacksjs/ts-css": ["@stacksjs/ts-css@0.1.1", "", { "dependencies": { "bunfig": "^0.15.6" }, "bin": { "ts-css": "./dist/bin/cli.js" } }, "sha512-E2lxtiY4LqX+wEr3CeBRw7veZ7M7rlt5rjUErOCV9WCQ3d1SnSI4WADpe8rXkWwxykx3/9prLOF0PgfHfDzlEg=="],

    "@stacksjs/ts-faker": ["@stacksjs/ts-faker@0.1.8", "", { "dependencies": { "@stacksjs/clapp": "^0.2.0" }, "bin": { "@stacksjs/ts-faker": "dist/bin/cli.js", "faker": "dist/bin/cli.js", "fake": "dist/bin/cli.js", "mock": "dist/bin/cli.js" } }, "sha512-YEOIr9mlMeXodcl8FmX3Rq7fqZDcubi7nwdl7lCKr682GIimOQjdN8miQmVEgbBYlpwP1cOn8eO6DhVotMwWnw=="],

    "@stacksjs/ts-i18n": ["@stacksjs/ts-i18n@0.1.11", "", { "dependencies": { "@stacksjs/clapp": "^0.2.9", "bunfig": "^0.15.6" }, "bin": { "i18n": "./dist/cli.js" } }, "sha512-33FM0gKdxBy6EUsUZLGAMe0D7QUZ4f/BQXRsQIyzkZgs2+juruUTevPuJGCjWSZsgJuiaBfEJn8Oq8ctuo1OWQ=="],

    "@stacksjs/ts-md": ["@stacksjs/ts-md@0.1.1", "", { "bin": { "md": "./bin/cli.ts" } }, "sha512-kvsSg7S3vHq65fnHIRggTLudN4n1sjkos86xLB62V6PVRa8iosYAmFKVDTGaJk+0MdsIoRwQbJ2vLWVcNQsgGw=="],

    "@stacksjs/ts-png": ["@stacksjs/ts-png@0.1.8", "", {}, "sha512-6xJFCujeERqSJDdL/56XOButQnQuvUPdrKfAj5Ge2YQyQ3EgY7Eq6h24qaePHmEEiWDoo/4N6Wi2VvZpQXwz9w=="],

    "@stacksjs/ts-spell-check": ["@stacksjs/ts-spell-check@0.1.0", "", {}, "sha512-GnrxhHh606U6e0uPoUfbyh3sWI2VCtj6IwtSS4ik8Jz7vF11WFZ4qeCnXlUSZXLLlk0ukcdpilZr4girmx7PbA=="],

    "@stacksjs/ts-svg": ["@stacksjs/ts-svg@0.1.2", "", { "dependencies": { "@stacksjs/ts-css": "^0.1.0", "@stacksjs/ts-png": "^0.1.2" }, "bin": { "svg": "./dist/cli.js" } }, "sha512-G4xwU9P/I2JbCAxyvUktv2Y+qYGktuxG5VvCYnF7jrhTD9x+spmdDVmLZ08wkdVTdvtzyJbzY0C25+ESACleBQ=="],

    "@stacksjs/ts-validation": ["@stacksjs/ts-validation@0.5.4", "", {}, "sha512-H4Fh5Q9MzD6nctJ/hJzZ7D1OsjdGxssRFZ8a4K3j2+awvXGm79ada3oM8k88HVnotCs++6s9far1nml0E4nDKA=="],

    "@stacksjs/ts-webp": ["@stacksjs/ts-webp@0.1.2", "", {}, "sha512-Wefb+axmDV5cC6gO0VtW7yldPBB9IcqNoywrj4r+5g6t95ciRhZAqU/+Ho6/n7vb4kSPTzlET/YSbr5O9/wM7w=="],

    "@stacksjs/ts-xml": ["@stacksjs/ts-xml@0.1.0", "", { "bin": { "bin-name": "./dist/bin/cli.js" } }, "sha512-YB7FSlFcPqopUOmjK1Qqr5E6QaarerIFJzWfUXOO/EuR1qX+IRRKxOKbWRmCvN72Mnchz8EfXhlvxEK+Zz/mQQ=="],

    "@stacksjs/tunnel": ["@stacksjs/tunnel@0.72.50", "", { "dependencies": { "localtunnels": "^0.2.13" } }, "sha512-mpAeLF1uQCHpiRt0uG1bibCXbVoJhubEm0DzkEEes0fNByVTJuIWJgZp9L0svAfTA63HhQFWGyZd/lT3zj3YgA=="],

    "@stacksjs/types": ["@stacksjs/types@0.72.50", "", { "dependencies": { "@stacksjs/bunpress": "^0.2.8", "@stacksjs/clapp": "^0.2.12", "@stacksjs/stx": "^0.2.217", "@stacksjs/ts-validation": "^0.5.5", "bun-query-builder": "^0.2.53" }, "peerDependencies": { "meilisearch": "^0.59.0" }, "optionalPeers": ["meilisearch"] }, "sha512-IE5dE3RoOpQ43HsmEWNw1VUZQjPWK9rKgtCqw6JCTfoD0ZVm1PiLeTFIn6s0bBvFBniHA0Cs15V++fcxpyWmgg=="],

    "@stacksjs/ui": ["@stacksjs/ui@0.72.50", "", { "dependencies": { "@cwcss/crosswind": "^0.2.14", "@stacksjs/components": "^0.2.217" } }, "sha512-pFZCG0WXM2GWlm1rAgmiMp09hkjIsm6a/Tr/QdKShLFza+9qMS3HV4qswaHtnDPPOxW3DpDPouQk6kol1c67Aw=="],

    "@stacksjs/utils": ["@stacksjs/utils@0.72.50", "", { "dependencies": { "@stacksjs/browser": "0.72.50" } }, "sha512-NkTyufG8PoJanTzqrsuh6ZnrGD5CKORCjME5qCmUUzOR3NyGuQOxu79rDCXk+0m7kUcQmB+/ofjY2xeDjMcDfw=="],

    "@stacksjs/validation": ["@stacksjs/validation@0.72.50", "", { "dependencies": { "@stacksjs/ts-validation": "^0.5.5" } }, "sha512-aZ8vJCmAorIeslOCZe2sKu8WI9QsotZRo51oD3+z9T4+sZxjChrYaO7mo63NidhEcEpy9xzwUY81ZIL/gw9GIA=="],

    "@stacksjs/video": ["@stacksjs/video@0.72.50", "", { "dependencies": { "ts-video-player": "^0.1.1", "ts-videos": "^0.1.1" } }, "sha512-Ff5z7MmHldRVrjq4TmlQk2SgjJxCgCqZPdQ0YBqIauE5/L6wcZXVsUhgwININqpY2C4yhW2nPkhFcXJTulnHhg=="],

    "@stacksjs/whois": ["@stacksjs/whois@0.72.50", "", {}, "sha512-rJxJfWV5mx6Azb5YqJkl2Hihsqx0GSlGnXbDYHskDGpKHRgU1XGgJlOes/xkjyZ2w6zVupd9A9a/M13lazj5Ag=="],

    "@ts-audio/aac": ["@ts-audio/aac@0.1.2", "", { "peerDependencies": { "@ts-audio/core": "0.1.2" } }, "sha512-9VD0vAuD22Qck6BSn0aX6c0gxqZVNP/ZZGRsAN+vRszBI6qRamfPt/QB/vPpwCLTKjdBZontzmtXSVJhIL0zXA=="],

    "@ts-audio/core": ["@ts-audio/core@0.1.2", "", { "optionalDependencies": { "@ts-audio/aac": "0.1.2", "@ts-audio/flac": "0.1.2", "@ts-audio/mp3": "0.1.2", "@ts-audio/ogg": "0.1.2", "@ts-audio/wav": "0.1.2" }, "bin": { "ts-audio": "./dist/bin/cli.js" } }, "sha512-bqHdw3HxY8NHQSQmzka3LMwvhGFjPdqcGxCHD8blk+QhK4OD0B45PPJQXi8aVyFK8ZxtBSQrnMUoNEYCV1XFww=="],

    "@ts-audio/flac": ["@ts-audio/flac@0.1.2", "", { "peerDependencies": { "@ts-audio/core": "0.1.2" } }, "sha512-TvH04f9PsfqTub+5dhV4bWPfPcaSxjMkzTMN/AJcbur5NESnS+JaqIXWReLaqB+QQxe183S8wkRivb8HL0OLag=="],

    "@ts-audio/mp3": ["@ts-audio/mp3@0.1.2", "", { "peerDependencies": { "@ts-audio/core": "0.1.2" } }, "sha512-nUotm21x6oHeeeDTBEiTTpVoOhy6B1XNHbRji93K3FZEeea0edlX5zIpzU3W+a0a9N1YupmYzRh5zH3nQv5eXQ=="],

    "@ts-audio/ogg": ["@ts-audio/ogg@0.1.2", "", { "peerDependencies": { "@ts-audio/core": "0.1.2" } }, "sha512-tshJTp2USHUDreap8iBlg1Ce4ln4/g9vP/G/eA1Xygy+dLfgfe6sw4/FVPstyyn77pG9EkuO+JZVX+kRzayiNQ=="],

    "@ts-audio/wav": ["@ts-audio/wav@0.1.2", "", { "peerDependencies": { "@ts-audio/core": "0.1.2" } }, "sha512-jTpwP5by6Zn23WMye5Oe5aKcTm89K/vt19mvtapNNuG1e4WNZ+a9xnOov1os+nlCAlujDcfPcq+9oVV+Mma6SQ=="],

    "@ts-charts/array": ["@ts-charts/array@0.2.7", "", { "dependencies": { "@ts-charts/internmap": "0.2.7" } }, "sha512-t2kpgUPakydhJT0gIXgkHvALjqLL9h7XXbch92Tx+hkwWuPnGw07Zppr7lLQVcmIyHLAYvZMBjT9mWwEXH+PSg=="],

    "@ts-charts/color": ["@ts-charts/color@0.2.7", "", {}, "sha512-o2xYpCR3VHN8ytOrtTmV0Z1yACqOydLY9FySOAdua+JAk8bMzwKARDdCd0d2lcX3BGll9okzXJ3KWckqeNdlnQ=="],

    "@ts-charts/format": ["@ts-charts/format@0.2.7", "", {}, "sha512-KcoLFIENptcSwvIf3eUIE+UYPdn2buuVHFAWMnwUGgJkWQqrHAQiCzQo7AfKAyeDKdmd9ju7ubR8WhMlxpDpXw=="],

    "@ts-charts/internmap": ["@ts-charts/internmap@0.2.7", "", {}, "sha512-jHCochtjMOeqF//kKqhq06c0cdzaP8fP4GRXu+YJ0h/yNkroiDOxe7N72u/7nmwc8EaQ/P5/AUZuYLM3f7wq1A=="],

    "@ts-charts/interpolate": ["@ts-charts/interpolate@0.2.7", "", { "dependencies": { "@ts-charts/color": "0.2.7" } }, "sha512-AnrvXYDYj3c2fi6gXYj8bDQ1eMetuSjZeN8mGtnpBk9qFV66GcJ2O1sDpsZ5RKcsDB5sXRNiJVSLVNStvileBg=="],

    "@ts-charts/path": ["@ts-charts/path@0.2.7", "", {}, "sha512-UhdgP5Inw8I/7wzKyJZxFQGSqxNVpek26alW3MtvY9OuCk0V10zUQc1s3XwNE6JqS6ZB8XEoUoYRx1zSS/6I6Q=="],

    "@ts-charts/scale": ["@ts-charts/scale@0.2.7", "", { "dependencies": { "@ts-charts/array": "0.2.7", "@ts-charts/format": "0.2.7", "@ts-charts/interpolate": "0.2.7", "@ts-charts/time": "0.2.7", "@ts-charts/time-format": "0.2.7" } }, "sha512-+4Amy6bUzYwrN8O4V7QTwZxUR25OCA/CeQ+QN39b2NDyNBovVqInjV7riyd7IQ1xikZRZw3L8DYYu53YRuuAlA=="],

    "@ts-charts/shape": ["@ts-charts/shape@0.2.7", "", { "dependencies": { "@ts-charts/path": "0.2.7" } }, "sha512-nmM3nFR2+d3TVAZc6l5EuOwae1ewLCi3mWVD0YiIOPSJD6gKUhTN6rAyKC9+JkdjKp7OQZ70cy5MA5Lh3uOAxg=="],

    "@ts-charts/time": ["@ts-charts/time@0.2.7", "", { "dependencies": { "@ts-charts/array": "0.2.7" } }, "sha512-F29FO5Ktob8Y7P5+CQd34LIK1CFdYnMmiWl8HdBt3YsQXUUw/JQWrgdPXmjA1O0beEl/VC4HZYUrgLRq4zKsdA=="],

    "@ts-charts/time-format": ["@ts-charts/time-format@0.2.7", "", { "dependencies": { "@ts-charts/time": "0.2.7" } }, "sha512-iYipyprcy3V9P7lz6SwYt5zXCGI2VoGE2fXuCmVQ22g5sS7jPP+9odiOQQKhQYS44mX2+mIuPeSWfR5mGg160Q=="],

    "@ts-cloud/aws-types": ["@ts-cloud/aws-types@0.7.126", "", {}, "sha512-wpRWL3Oigr6lLEOEATQM6JbrFs6Zq0d7FqnmEw61e8zuVi+h09lCwAnrZ/NUsFjz/xaw9eJersNVOYLc3My7FQ=="],

    "@ts-cloud/core": ["@ts-cloud/core@0.7.126", "", { "dependencies": { "@ts-cloud/aws-types": "0.7.126" } }, "sha512-OKHD043WmN07L/h/VLYyeQOGYpaq5yNTB73XOis6ZTKznTFvB/0kNbqPnXia+yPg4TvPB/7+dBYUArpmkchaSw=="],

    "@ts-videos/mp4": ["@ts-videos/mp4@0.1.1", "", { "peerDependencies": { "ts-videos": "0.1.1" } }, "sha512-QbNeELrRjlR/FnR0JTEiYd54RFaM2VgxiIwHz3azzyeSB2ZZlJfHmIcx0ir5ZDU4zCaI4ygqqhJTn5HsHGd+/A=="],

    "@ts-videos/webm": ["@ts-videos/webm@0.1.1", "", { "peerDependencies": { "ts-videos": "0.1.1" } }, "sha512-TAwdUlxNKE5tf0BY4wHSq0zp1zTqYqfdzaBanhxQE+QDPwD5zV96KMRj6qbI0ANi2FdgzsbpiRW5PMB3g5CO7g=="],

    "ajv": ["ajv@8.20.0", "", { "dependencies": { "fast-deep-equal": "^3.1.3", "fast-uri": "^3.0.1", "json-schema-traverse": "^1.0.0", "require-from-string": "^2.0.2" } }, "sha512-Thbli+OlOj+iMPYFBVBfJ3OmCAnaSyNn4M1vz9T6Gka5Jt9ba/HIR56joy65tY6kx/FCF5VXNB819Y7/GUrBGA=="],

    "ajv-formats": ["ajv-formats@3.0.1", "", { "dependencies": { "ajv": "^8.0.0" } }, "sha512-8iUql50EUR+uUcdRQ3HDqa6EVyo3docL8g5WJ3FNcWmu62IbkGUue/pEyLBW8VGKKucTPgqeks4fIU1DA4yowQ=="],

    "bun-plugin-auto-imports": ["bun-plugin-auto-imports@0.4.1", "", {}, "sha512-S/+M76UtZc+1SBpqLKOmFXuEVBDnEBqjwnD3dsbHQao8vV+C46uN0JMQNJUZLdhR35KChZh1mHVJuiNqBrOSXQ=="],

    "bun-plugin-dtsx": ["bun-plugin-dtsx@0.11.10", "", { "dependencies": { "@stacksjs/dtsx": "0.11.10" } }, "sha512-qQrEBIV1pzhDmrxmhTHhgVK5gqE5CfpO8C9NCp7zUaN48c4IJVrpqXbeNWch7sAT/Hf4GhVMWau7T65xySm59Q=="],

    "bun-plugin-stx": ["bun-plugin-stx@0.2.217", "", { "dependencies": { "@stacksjs/stx": "^0.2.72", "stx-router": "^0.2.72" }, "bin": { "serve": "./dist/serve.js", "stx-serve": "./dist/serve.js" } }, "sha512-Q0GCPyTMesqqT6HdWu2y0otDb0tIqH1WbFbajsFrSMV1ucZJpRQAGCMTZ18n5WzkluU9ZEl6tbMV/mwhmrY3gA=="],

    "bun-query-builder": ["bun-query-builder@0.2.60", "", { "dependencies": { "@stacksjs/clapp": "^0.2.12", "@stacksjs/ts-faker": "^0.1.8", "@stacksjs/ts-validation": "^0.5.2", "dynamodb-tooling": "^0.3.5" }, "bin": { "query-builder": "./dist/bin/cli.js", "qbx": "./dist/bin/cli.js", "qb": "./dist/bin/cli.js" } }, "sha512-I/hpgH9QQ6+vh1PyaWOJl6Fy03pab3tY4PTUYcaj/aozvw5s3b0e61GmsJugg/4ByRTAze4TukkPhPP+xWrjUQ=="],

    "bunfig": ["bunfig@0.15.15", "", { "dependencies": { "@stacksjs/clapp": "^0.2.0", "@stacksjs/clarity": "^0.3.24" }, "bin": { "bunfig": "./bin/cli.js" } }, "sha512-LEBk4M2WqwsJs7U9N5ZnEV6C9Oq74yhcF0VQj/dFBLWyxhDozH3xn4zxrJOFyTwYzYPn6AyDGtSnq2B05HrWZA=="],

    "clone": ["clone@2.1.2", "", {}, "sha512-3Pe/CF1Nn94hyhIYpjtiLhdCoEoz0DqQ+988E9gmeEdQZlojxnOb74wctFyuwWQHzqyf9X7C7MG8juUpqBJT8w=="],

    "craft-native": ["craft-native@0.0.55", "", { "bin": { "craft-sdk": "dist/cli.js" } }, "sha512-qFekhPhVKRqsMJLaX9zTDQCq03ciVYvARoiBJYtFfFiQuf/uwBWEfhlez5pjKLnX4PVuQhsZM2PwG+NLdoxvbQ=="],

    "cz-git": ["cz-git@1.13.2", "", {}, "sha512-OZDo8EYvFGNqYUY3y45DLVJAgAKBFRUTQi57Mdo83vGuDfHNWt0u7g6q/VRv3JEDDNNdouC9swKMYQ0QhpUKTQ=="],

    "data-uri-to-buffer": ["data-uri-to-buffer@6.0.2", "", {}, "sha512-7hvf7/GW8e86rW0ptuwS3OcBGDjIi6SZva7hCyWC0yYry2cOPmLIjXAUHI6DK2HsnwJd9ifmt57i8eV2n4YNpw=="],

    "dynamodb-tooling": ["dynamodb-tooling@0.3.5", "", { "bin": { "dbtooling": "./dist/cli.js" } }, "sha512-iYbwz4Kns4Lm3+JB8shdM+x20dAEkPm7i9Z/7t6V2LpHnE7vsxElIYdoCbXJWCBvRVNq8qGHVEOG7AsoRmpNHg=="],

    "fast-deep-equal": ["fast-deep-equal@3.1.3", "", {}, "sha512-f3qQ9oQy9j2AhBe/H9VC91wLmKBCCU/gDOnKNAYG5hswO7BLKj09Hc5HYNz9cGI++xlpDCIgDaitVs03ATR84Q=="],

    "fast-uri": ["fast-uri@3.1.5", "", {}, "sha512-gHwA1O9LDIcKunMKhObS/HimwtehO1nPUECKAu5TpKgaO19fcWEl4bliWe1jWxVFvIXztJjjQ4L8XQ1EU9f7Jw=="],

    "json-schema-traverse": ["json-schema-traverse@1.0.0", "", {}, "sha512-NM8/P9n3XjXhIZn1lLhkFaACTOURQXjWhV4BA/RnOv8xvgqtqpAX9IO4mRQxSx1Rlo4tqzeqb0sOlruaOy3dug=="],

    "localtunnels": ["localtunnels@0.2.13", "", { "dependencies": { "bunfig": "^0.15.6" }, "bin": { "localtunnel": "./dist/bin/cli.js", "lt": "./dist/bin/cli.js" } }, "sha512-zcRWeFJSK1g2h5nblm/MiUc7eM7Sa1MRYoCdRiLseDCtX2Ha16YWjtGptwKjyq5Kd6egv3tfZbqmRA0elKZPrA=="],

    "pickier": ["pickier@0.1.62", "", { "dependencies": { "@stacksjs/clapp": "^0.2.3", "@stacksjs/clarity": "^0.3.24" }, "optionalDependencies": { "@stacksjs/ts-spell-check": "^0.1.0" }, "bin": { "pickier": "./dist/bin/cli.js" } }, "sha512-QgFE7mUXjFsR0c2n5j2vhJjO7GxUZuIE7DjFAB7V3GIdKoTbp22Z9rfqKV8v6fugmV59eOfY+CtTV53zfnYFCw=="],

    "postal-mime": ["postal-mime@2.7.6", "", {}, "sha512-UUlyE2KlxmvwMGq060onF/VWU3zD6dVW31FwokQ5v26jWd35fbs2MoTFzh+jXnPwAyV2MULMKXcBInGOl5TO6Q=="],

    "require-from-string": ["require-from-string@2.0.2", "", {}, "sha512-Xf0nWe6RseziFMu+Ap9biiUbmplq6S9/p+7w7YXP/JBHhrUDDUhwa+vANyubuqfZWTveU//DYVGsDG7RKL/vEw=="],

    "stacks": ["stacks@0.72.50", "", { "dependencies": { "@stacksjs/actions": "^0.72.50", "@stacksjs/ai": "^0.72.50", "@stacksjs/alias": "^0.72.50", "@stacksjs/analytics": "^0.72.50", "@stacksjs/api": "^0.72.50", "@stacksjs/arrays": "^0.72.50", "@stacksjs/audio": "^0.72.50", "@stacksjs/auth": "^0.72.50", "@stacksjs/browser": "^0.72.50", "@stacksjs/browser-extension": "^0.72.50", "@stacksjs/buddy": "^0.72.50", "@stacksjs/build": "^0.72.50", "@stacksjs/cache": "^0.72.50", "@stacksjs/calendar-api": "^0.72.50", "@stacksjs/charts": "^0.72.50", "@stacksjs/chat": "^0.72.50", "@stacksjs/cli": "^0.72.50", "@stacksjs/cloud": "^0.72.50", "@stacksjs/cms": "^0.72.50", "@stacksjs/collections": "^0.72.50", "@stacksjs/commerce": "^0.72.50", "@stacksjs/composables": "^0.72.50", "@stacksjs/config": "^0.72.50", "@stacksjs/cron": "^0.72.50", "@stacksjs/database": "^0.72.50", "@stacksjs/datetime": "^0.72.50", "@stacksjs/defaults": "^0.72.50", "@stacksjs/desktop": "^0.2.197", "@stacksjs/dns": "^0.72.50", "@stacksjs/docs": "^0.72.50", "@stacksjs/email": "^0.72.50", "@stacksjs/enums": "^0.72.50", "@stacksjs/env": "^0.72.50", "@stacksjs/error-handling": "^0.72.50", "@stacksjs/events": "^0.72.50", "@stacksjs/faker": "^0.72.50", "@stacksjs/feature-flags": "^0.72.50", "@stacksjs/git": "^0.72.50", "@stacksjs/github": "^0.72.50", "@stacksjs/health": "^0.72.50", "@stacksjs/http": "^0.72.50", "@stacksjs/i18n": "^0.72.50", "@stacksjs/image": "^0.72.50", "@stacksjs/lint": "^0.72.50", "@stacksjs/logging": "^0.72.50", "@stacksjs/mobile": "^0.72.50", "@stacksjs/newsletter": "^0.72.50", "@stacksjs/notifications": "^0.72.50", "@stacksjs/objects": "^0.72.50", "@stacksjs/orm": "^0.72.50", "@stacksjs/path": "^0.72.50", "@stacksjs/payments": "^0.72.50", "@stacksjs/push": "^0.72.50", "@stacksjs/query-builder": "^0.72.50", "@stacksjs/queue": "^0.72.50", "@stacksjs/realtime": "^0.72.50", "@stacksjs/registry": "^0.72.50", "@stacksjs/repl": "^0.72.50", "@stacksjs/router": "^0.72.50", "@stacksjs/scheduler": "^0.72.50", "@stacksjs/search-engine": "^0.72.50", "@stacksjs/security": "^0.72.50", "@stacksjs/server": "^0.72.50", "@stacksjs/shell": "^0.72.50", "@stacksjs/skills": "^0.72.50", "@stacksjs/slug": "^0.72.50", "@stacksjs/sms": "^0.72.50", "@stacksjs/socials": "^0.72.50", "@stacksjs/storage": "^0.72.50", "@stacksjs/strings": "^0.72.50", "@stacksjs/testing": "^0.72.50", "@stacksjs/tinker": "^0.72.50", "@stacksjs/tlsx": "^0.13.0", "@stacksjs/ts-cloud": "^0.11.4", "@stacksjs/tunnel": "^0.72.50", "@stacksjs/types": "^0.72.50", "@stacksjs/ui": "^0.72.50", "@stacksjs/utils": "^0.72.50", "@stacksjs/validation": "^0.72.50", "@stacksjs/video": "^0.72.50", "@stacksjs/whois": "^0.72.50", "bun-query-builder": "^0.2.53" } }, "sha512-5Y4dJ4xdwR6wnipjZzFCaPtHGgK8muVZJudN6VhV69sw4Xg86h+Sw1RE3g1meJ0RLcKXL1p56qarxtulAkfjRw=="],

    "stx-router": ["stx-router@0.2.181", "", {}, "sha512-cZuJ1DjRVkCqYR+f8yp0Y7LlosxMDQgJK6xc5BBNWQPABIbPAm8EOxelFuDrbyQ/9XK6skj50JSfmoFbiKrrmQ=="],

    "ts-broadcasting": ["ts-broadcasting@0.0.9", "", { "bin": { "broadcast": "./dist/bin/cli.js" } }, "sha512-OA95bHPe3M/24Gx8FpbUV0+NzGwvemG2LP64s1p/zATagX8xJckeziru03ccjW0ExWaD+W5tC1GRIqS6lfbB4A=="],

    "ts-collect": ["ts-collect@0.4.3", "", {}, "sha512-ERSFPKwKa8e4dolfhgi/8D4SCCNPkly0+oK8nWqxf8+KEFsjVc5f8AcJ3d1Q0Q+jGv9bu4L/qlzYxdzPIfuR1w=="],

    "ts-error-handling": ["ts-error-handling@0.1.3", "", {}, "sha512-Agm8wbQL1YVvnffVDSUKMgImZBoR4UVFjzPaIwPxa0z7YwsowKV8R57pCDIjLP/dTHRBetg7ZfdTeuNVb21OfA=="],

    "ts-garmin": ["ts-garmin@0.1.1", "", {}, "sha512-3reGpSHBWRikNr9CWIstPnjIZaqTrn46xyi3w8bQD/xHxLM0TN7wGUlZUy/VDLtKs1Ji57WfFtR5VBaCQU9jyA=="],

    "ts-gif": ["ts-gif@0.1.2", "", { "dependencies": { "data-uri-to-buffer": "^6.0.2" } }, "sha512-jbraplO1qqJtrtkFeepNPUGPad7w8FQHWIQFsn1OJbHeWKUbdqdkrX18XzNXI5Fw7+s6A3nbNTdj+Ukn4d3f8g=="],

    "ts-health": ["ts-health@0.1.0", "", { "dependencies": { "ts-watches": "^0.1.0" }, "bin": { "health": "./dist/bin/cli.js" } }, "sha512-/ATmaG73fQxuRo6X2dbzJIfYl0YU3Vl6Pm2SQohZCI/TW+TGU5Fk/qBrvKw9S13Pit5/mAqrhs2qEW97P2Gzsw=="],

    "ts-images": ["ts-images@0.2.12", "", { "dependencies": { "@stacksjs/ts-avif": "^0.1.0", "@stacksjs/ts-bmp": "^0.1.0", "@stacksjs/ts-png": "^0.1.2", "@stacksjs/ts-svg": "^0.1.1", "@stacksjs/ts-webp": "^0.1.2", "ts-gif": "^0.1.2", "ts-jpeg": "^0.3.1" }, "bin": { "imgx": "./dist/bin/cli.js" } }, "sha512-HdwJocQhIql9HI53Nl0pOLndYAkrlwxSxxUqU1WX/VITf0nrPNxQGzRH1dKy80hmqGQmSvPqX0O3UagNSSBQjw=="],

    "ts-jpeg": ["ts-jpeg@0.3.4", "", {}, "sha512-yK5fhHcMVBoEs+qReAMrDsh4q1mDmheylyg1k30TKzLeZl4hkM5MIMIEy4ZuFtV3l276JomBSZKnlEYoA1/eeQ=="],

    "ts-maps": ["ts-maps@0.3.1", "", {}, "sha512-/ree3wHYTEsVTf0vOvNBeqDCLjkT2VejVrycNd2y8ev8LbP7fPxvEcoau8a3AuY+E6wcLRgJy2YruMy6bmBC2Q=="],

    "ts-pantry": ["ts-pantry@0.11.39", "", { "bin": { "ts-pantry": "./dist/bin/cli.js" } }, "sha512-rqq73VTqtkJ6J73o+yHQ4IHzFJ5XH0c52TWzjHJ+/l7Ut8KA+7S1ASpyYTSxqQPi1bxMvUg8A/kDmZp2AYey4A=="],

    "ts-rate-limiter": ["ts-rate-limiter@0.4.4", "", { "bin": { "ts-rate-limiter": "./dist/bin/init-config.js" } }, "sha512-951NW5AZKRqfEjleVb1nmCfRO0seMWKaEa606xYt9Z5V4bboGguxKusWsEIGAPndttyYTgqG2IC48j1B03JaNg=="],

    "ts-security-crypto": ["ts-security-crypto@0.0.2", "", {}, "sha512-jL/9lM7FohuuDjCYpERAzvrj3FmrLD56PITJeqmER4AabW8HyMmDjWHup0XSLwjNgvN6rVHk3gLFGVmkbEKzcA=="],

    "ts-slug": ["ts-slug@0.1.2", "", {}, "sha512-/0uzIGb8OkLQzv38kjB1LgAXgFSCxqjLl+YlaJzNlYnZyfH3/r/YLiRoyIME/YPXrt/iks/nGBABC6QDClGJkA=="],

    "ts-spreadsheets": ["ts-spreadsheets@0.2.3", "", { "bin": { "spreadsheets": "./dist/bin/cli.js" } }, "sha512-93j5oQsw3WQPdo8trEPN2PyDuR+V2uUbs20G8jEEtI7w5/vXAQH+UugO1RZ5YD+ufyHGKvsDeIJFlfewuJqEaA=="],

    "ts-syntax-highlighter": ["ts-syntax-highlighter@0.2.14", "", { "bin": { "ts-syntax-highlighter": "./dist/bin/cli.js" } }, "sha512-xujx4yJ4Rlhwdstopq6KVYs78K5nSfkpUk/GRK/InwmnJ/SN+E+hUSuSvQZz922xlXYe1SFBtzXxQXbpRt46fw=="],

    "ts-trainingpeaks": ["ts-trainingpeaks@0.1.1", "", {}, "sha512-lus/2PUwR8F3DqV5ggMZB6ikf6c30A0ZJgh0Vhtsu6S2nph9xZDGiCqGqovuK44YIZLU7gzqDWj0/BZBIJUd6g=="],

    "ts-video-player": ["ts-video-player@0.1.1", "", { "peerDependencies": { "stx": ">=0.65.0" }, "optionalPeers": ["stx"] }, "sha512-xYI8z2jazzc23zKlTclV4vTopcvahOZoz6T1Ws1FBKi8YUxsoyTBOK2ZjElRjpeag2XZr0i9IeZRlL2JoV68PQ=="],

    "ts-videos": ["ts-videos@0.1.1", "", { "dependencies": { "bunfig": "^0.15.6" }, "optionalDependencies": { "@ts-videos/mp4": "0.1.1", "@ts-videos/webm": "0.1.1" }, "bin": { "ts-videos": "./dist/bin/cli.js" } }, "sha512-bGYnXqbGEnWPMFsDzq/p+gqPSzXZ2+yyExd26cC644b4Fecu5qWdP56vHoS136mbEoQBl8tFFJ2f7r5KVF7InQ=="],

    "ts-watches": ["ts-watches@0.1.1", "", { "dependencies": { "ts-garmin": "0.1.1", "ts-trainingpeaks": "0.1.1" }, "bin": { "watch": "./dist/bin/cli.js" } }, "sha512-L0Z7iHgHShO0pGevFjYCFLpdwHeEzjbAOW8pMXBvT581XPJ0tU4RwnsOjCL7kUoRJSJCQAtY8sH1C4IsyATung=="],

    "ts-web-scraper": ["ts-web-scraper@0.1.10", "", { "dependencies": { "bunfig": "^0.15.14" }, "bin": { "scraper": "./dist/bin/cli.js" } }, "sha512-taP+spngbaNYc8hN+uqvJDqb7JFWP8IX6xEIiufqIpSg65RfCPEkLLnkYbLidno/IrFE/HBgy1g7or5Dwgy0cA=="],

    "@stacksjs/browser/@stacksjs/composables": ["@stacksjs/composables@0.70.281", "", { "dependencies": { "@stacksjs/datetime": "0.70.281", "@stacksjs/stx": "^0.2.148" } }, "sha512-YyE+91D8QtEws9HWhKJBK6U7KItNih4iTN1jtVG5lGw9zOafV/wACwVV2uu/H01DzopmONY32ZOocr+xqLDLrQ=="],

    "@stacksjs/browser/bun-query-builder": ["bun-query-builder@0.2.28", "", { "dependencies": { "@stacksjs/clapp": "^0.2.12", "@stacksjs/ts-faker": "^0.1.8", "@stacksjs/ts-validation": "^0.5.2", "dynamodb-tooling": "^0.3.5" }, "bin": { "query-builder": "./dist/bin/cli.js", "qbx": "./dist/bin/cli.js", "qb": "./dist/bin/cli.js" } }, "sha512-1p25fTdq/JtBUsLQJvWPj96O+GFjMXDK6wc5eFYejB0RzilGBB9LsGlZu0LghE8xuqu2AxypFkL3dFSnQgxccg=="],

    "@stacksjs/database/@stacksjs/ts-validation": ["@stacksjs/ts-validation@0.5.5", "", {}, "sha512-yH8nckcyHZdgJLFvkg3fSCMc9G4rY3P9dEznLq0YyoDlurHYYeYIF+tnv/PVJsIETx8NzpWMQP5FsK+V0iGmXQ=="],

    "@stacksjs/logging/@stacksjs/clarity": ["@stacksjs/clarity@0.3.33", "", { "dependencies": { "bunfig": "^0.15.6" }, "bin": { "clarity": "./dist/bin/cli.js" } }, "sha512-+5GLKnAI/M/z64UfNLLfQqx/kp+frmRY+NZXYwwGwbrkud/xlsEGDWEExdhqOhqEDMWdb1oafw/ubGAPg1PaFw=="],

    "@stacksjs/logsmith/pickier": ["pickier@0.1.56", "", { "dependencies": { "@stacksjs/clapp": "^0.2.3", "@stacksjs/clarity": "^0.3.24" }, "optionalDependencies": { "@stacksjs/ts-spell-check": "^0.1.0" }, "bin": { "pickier": "./dist/bin/cli.js" } }, "sha512-wYSdryx2Gx2WNS0RTxYWB4z+oBZ08lBQli12HjOIGMIKlpG+O10XZsAG9ILxWTEMG13f7cMK+tNRyGxp48ll1w=="],

    "@stacksjs/orm/@stacksjs/ts-validation": ["@stacksjs/ts-validation@0.5.5", "", {}, "sha512-yH8nckcyHZdgJLFvkg3fSCMc9G4rY3P9dEznLq0YyoDlurHYYeYIF+tnv/PVJsIETx8NzpWMQP5FsK+V0iGmXQ=="],

    "@stacksjs/stx/bun-plugin-stx": ["bun-plugin-stx@0.2.181", "", { "dependencies": { "@stacksjs/stx": "^0.2.72", "stx-router": "^0.2.72" }, "bin": { "serve": "./dist/serve.js", "stx-serve": "./dist/serve.js" } }, "sha512-tgsHLrZCtKpy4S78BKioTUAfPWqPC8dblBJN1/bHZ8qIl1bNngGmMfc7EBR1/YaTYqOdEQThEyVoeUnRHH/IUQ=="],

    "@stacksjs/stx/ts-images": ["ts-images@0.1.11", "", { "dependencies": { "@stacksjs/ts-avif": "^0.1.0", "@stacksjs/ts-bmp": "^0.1.0", "@stacksjs/ts-png": "^0.1.2", "@stacksjs/ts-svg": "^0.1.1", "@stacksjs/ts-webp": "^0.1.0", "ts-gif": "^0.1.2", "ts-jpeg": "^0.3.1" }, "bin": { "imgx": "./dist/bin/cli.js" } }, "sha512-b5g1uADQR1Ytg4mS0EyFEce9jWhxC/kj1f5ChTVnnpPZV8NhI+aEW8YbH+LMDRCzCE1HRJiUIweUPqMkMAytIA=="],

    "@stacksjs/types/@stacksjs/ts-validation": ["@stacksjs/ts-validation@0.5.5", "", {}, "sha512-yH8nckcyHZdgJLFvkg3fSCMc9G4rY3P9dEznLq0YyoDlurHYYeYIF+tnv/PVJsIETx8NzpWMQP5FsK+V0iGmXQ=="],

    "@stacksjs/validation/@stacksjs/ts-validation": ["@stacksjs/ts-validation@0.5.5", "", {}, "sha512-yH8nckcyHZdgJLFvkg3fSCMc9G4rY3P9dEznLq0YyoDlurHYYeYIF+tnv/PVJsIETx8NzpWMQP5FsK+V0iGmXQ=="],

    "pickier/@stacksjs/clarity": ["@stacksjs/clarity@0.3.33", "", { "dependencies": { "bunfig": "^0.15.6" }, "bin": { "clarity": "./dist/bin/cli.js" } }, "sha512-+5GLKnAI/M/z64UfNLLfQqx/kp+frmRY+NZXYwwGwbrkud/xlsEGDWEExdhqOhqEDMWdb1oafw/ubGAPg1PaFw=="],

    "stacks/@stacksjs/desktop": ["@stacksjs/desktop@0.2.217", "", { "dependencies": { "craft-native": ">=0.0.55" } }, "sha512-DPbZEo1+Dlf9fV+EZSxfbvVnxBOfZpytmbsduscRYs9q6/jK7PlWjAJeT7O9tGROmYLvgaHVMbUbLBPmohu/YQ=="],

    "@stacksjs/browser/@stacksjs/composables/@stacksjs/datetime": ["@stacksjs/datetime@0.70.281", "", {}, "sha512-mVkkw28obwpgMyJJA7VvPxJvJzqcpos0lzq/6PP/Aj6w5yiCz2/msf2RXFCqWMxWKLQuwGv7X68fQ4LKCDRmnA=="],

    "@stacksjs/browser/bun-query-builder/@stacksjs/ts-validation": ["@stacksjs/ts-validation@0.5.3", "", {}, "sha512-oICa06sPRSl5SRkyT7Dwf5rdZQUbrxOe12xSVG+ubtX6FfM6nLab2PrAf4fnfP7/fj/waSB3LZ29+wfGUQ66vg=="],

    "@stacksjs/stx/bun-plugin-stx/stx-router": ["stx-router@0.2.179", "", {}, "sha512-IHmRKxbYd9jHjl2aIojx/am72+Ne29SeWOxfKwOJ3y8QwuRfzk2T0L7mps5wJ5zU6YLcfsBx6OvuduXdV19HCw=="],
  }
}
